
Microsoft Visual Studio Solution File, Format Version 12.00
# Visual Studio Version 16
VisualStudioVersion = 16.0.30804.86
MinimumVisualStudioVersion = 10.0.40219.1
Project("{FAE04EC0-301F-11D3-BF4B-00C04F79EFBC}") = "DevOps_Atelier1", "DevOps_Atelier1.csproj", "{215B7561-6DA3-4718-8C8A-D1DE759C3070}"
EndProject
Global
	GlobalSection(SolutionConfigurationPlatforms) = preSolution
		Debug|Any CPU = Debug|Any CPU
		Release|Any CPU = Release|Any CPU
	EndGlobalSection
	GlobalSection(ProjectConfigurationPlatforms) = postSolution
		{215B7561-6DA3-4718-8C8A-D1DE759C3070}.Debug|Any CPU.ActiveCfg = Debug|Any CPU
		{215B7561-6DA3-4718-8C8A-D1DE759C3070}.Debug|Any CPU.Build.0 = Debug|Any CPU
		{215B7561-6DA3-4718-8C8A-D1DE759C3070}.Release|Any CPU.ActiveCfg = Release|Any CPU
		{215B7561-6DA3-4718-8C8A-D1DE759C3070}.Release|Any CPU.Build.0 = Release|Any CPU
	EndGlobalSection
	GlobalSection(SolutionProperties) = preSolution
		HideSolutionNode = FALSE
	EndGlobalSection
	GlobalSection(ExtensibilityGlobals) = postSolution
		SolutionGuid = {D1330C9E-44D6-45DA-B510-AB369A4AD7B5}
	EndGlobalSection
EndGlobal
